// !$*UTF8*$!
{
	archiveVersion = 1;
	classes = {
	};
	objectVersion = 50;
	objects = {

/* Begin PBXBuildFile section */
		BFD6FD4026B7D2AC00381CD6 /* Framework.h in Headers */ = {isa = PBXBuildFile; fileRef = BFD6FD3E26B7D2AC00381CD6 /* Framework.h */; settings = {ATTRIBUTES = (Public, ); }; };
		BFD6FD4826B7D4BA00381CD6 /* SDKInfo.h in Headers */ = {isa = PBXBuildFile; fileRef = BFD6FD4626B7D4BA00381CD6 /* SDKInfo.h */; settings = {ATTRIBUTES = (Public, ); }; };
		BFD6FD4926B7D4BA00381CD6 /* SDKInfo.m in Sources */ = {isa = PBXBuildFile; fileRef = BFD6FD4726B7D4BA00381CD6 /* SDKInfo.m */; };
		FC23E32B72F3A0409F8E3FDE /* libPods-Framework.a in Frameworks */ = {isa = PBXBuildFile; fileRef = EE89B93560F72A962873FAB3 /* libPods-Framework.a */; };
/* End PBXBuildFile section */

/* Begin PBXFileReference section */
		0A439DC81A62576A95CB715C /* Pods-Framework.release.xcconfig */ = {isa = PBXFileReference; includeInIndex = 1; lastKnownFileType = text.xcconfig; name = "Pods-Framework.release.xcconfig"; path = "Target Support Files/Pods-Framework/Pods-Framework.release.xcconfig"; sourceTree = "<group>"; };
		B15A062BF67E71147F10FC2C /* Pods-Framework.debug.xcconfig */ = {isa = PBXFileReference; includeInIndex = 1; lastKnownFileType = text.xcconfig; name = "Pods-Framework.debug.xcconfig"; path = "Target Support Files/Pods-Framework/Pods-Framework.debug.xcconfig"; sourceTree = "<group>"; };
		BFD6FD3B26B7D2AC00381CD6 /* Framework.framework */ = {isa = PBXFileReference; explicitFileType = wrapper.framework; includeInIndex = 0; path = Framework.framework; sourceTree = BUILT_PRODUCTS_DIR; };
		BFD6FD3E26B7D2AC00381CD6 /* Framework.h */ = {isa = PBXFileReference; lastKnownFileType = sourcecode.c.h; path = Framework.h; sourceTree = "<group>"; };
		BFD6FD3F26B7D2AC00381CD6 /* Info.plist */ = {isa = PBXFileReference; lastKnownFileType = text.plist.xml; path = Info.plist; sourceTree = "<group>"; };
		BFD6FD4626B7D4BA00381CD6 /* SDKInfo.h */ = {isa = PBXFileReference; lastKnownFileType = sourcecode.c.h; path = SDKInfo.h; sourceTree = "<group>"; };
		BFD6FD4726B7D4BA00381CD6 /* SDKInfo.m */ = {isa = PBXFileReference; lastKnownFileType = sourcecode.c.objc; path = SDKInfo.m; sourceTree = "<group>"; };
		EE89B93560F72A962873FAB3 /* libPods-Framework.a */ = {isa = PBXFileReference; explicitFileType = archive.ar; includeInIndex = 0; path = "libPods-Framework.a"; sourceTree = BUILT_PRODUCTS_DIR; };
/* End PBXFileReference section */

/* Begin PBXFrameworksBuildPhase section */
		BFD6FD3826B7D2AC00381CD6 /* Frameworks */ = {
			isa = PBXFrameworksBuildPhase;
			buildActionMask = 2147483647;
			files = (
				FC23E32B72F3A0409F8E3FDE /* libPods-Framework.a in Frameworks */,
			);
			runOnlyForDeploymentPostprocessing = 0;
		};
/* End PBXFrameworksBuildPhase section */

/* Begin PBXGroup section */
		1713A0A0ACA540F5DA3B92BA /* Pods */ = {
			isa = PBXGroup;
			children = (
				B15A062BF67E71147F10FC2C /* Pods-Framework.debug.xcconfig */,
				0A439DC81A62576A95CB715C /* Pods-Framework.release.xcconfig */,
			);
			name = Pods;
			path = ../Pods;
			sourceTree = "<group>";
		};
		183C66560D22FBE973F64005 /* Frameworks */ = {
			isa = PBXGroup;
			children = (
				EE89B93560F72A962873FAB3 /* libPods-Framework.a */,
			);
			name = Frameworks;
			sourceTree = "<group>";
		};
		BFD6FD3126B7D2AC00381CD6 = {
			isa = PBXGroup;
			children = (
				BFD6FD3D26B7D2AC00381CD6 /* Framework */,
				BFD6FD3C26B7D2AC00381CD6 /* Products */,
				1713A0A0ACA540F5DA3B92BA /* Pods */,
				183C66560D22FBE973F64005 /* Frameworks */,
			);
			sourceTree = "<group>";
		};
		BFD6FD3C26B7D2AC00381CD6 /* Products */ = {
			isa = PBXGroup;
			children = (
				BFD6FD3B26B7D2AC00381CD6 /* Framework.framework */,
			);
			name = Products;
			sourceTree = "<group>";
		};
		BFD6FD3D26B7D2AC00381CD6 /* Framework */ = {
			isa = PBXGroup;
			children = (
				BFD6FD3E26B7D2AC00381CD6 /* Framework.h */,
				BFD6FD3F26B7D2AC00381CD6 /* Info.plist */,
				BFD6FD4626B7D4BA00381CD6 /* SDKInfo.h */,
				BFD6FD4726B7D4BA00381CD6 /* SDKInfo.m */,
			);
			path = Framework;
			sourceTree = "<group>";
		};
/* End PBXGroup section */

/* Begin PBXHeadersBuildPhase section */
		BFD6FD3626B7D2AC00381CD6 /* Headers */ = {
			isa = PBXHeadersBuildPhase;
			buildActionMask = 2147483647;
			files = (
				BFD6FD4026B7D2AC00381CD6 /* Framework.h in Headers */,
				BFD6FD4826B7D4BA00381CD6 /* SDKInfo.h in Headers */,
			);
			runOnlyForDeploymentPostprocessing = 0;
		};
/* End PBXHeadersBuildPhase section */

/* Begin PBXNativeTarget section */
		BFD6FD3A26B7D2AC00381CD6 /* Framework */ = {
			isa = PBXNativeTarget;
			buildConfigurationList = BFD6FD4326B7D2AC00381CD6 /* Build configuration list for PBXNativeTarget "Framework" */;
			buildPhases = (
				23CD42F014A746D6FB7D1760 /* [CP] Check Pods Manifest.lock */,
				BFD6FD3626B7D2AC00381CD6 /* Headers */,
				BFD6FD3726B7D2AC00381CD6 /* Sources */,
				BFD6FD3826B7D2AC00381CD6 /* Frameworks */,
				BFD6FD3926B7D2AC00381CD6 /* Resources */,
			);
			buildRules = (
			);
			dependencies = (
			);
			name = Framework;
			productName = Framework;
			productReference = BFD6FD3B26B7D2AC00381CD6 /* Framework.framework */;
			productType = "com.apple.product-type.framework";
		};
/* End PBXNativeTarget section */

/* Begin PBXProject section */
		BFD6FD3226B7D2AC00381CD6 /* Project object */ = {
			isa = PBXProject;
			attributes = {
				LastUpgradeCheck = 1250;
				TargetAttributes = {
					BFD6FD3A26B7D2AC00381CD6 = {
						CreatedOnToolsVersion = 12.5;
					};
				};
			};
			buildConfigurationList = BFD6FD3526B7D2AC00381CD6 /* Build configuration list for PBXProject "Framework" */;
			compatibilityVersion = "Xcode 9.3";
			developmentRegion = en;
			hasScannedForEncodings = 0;
			knownRegions = (
				en,
				Base,
			);
			mainGroup = BFD6FD3126B7D2AC00381CD6;
			productRefGroup = BFD6FD3C26B7D2AC00381CD6 /* Products */;
			projectDirPath = "";
			projectRoot = "";
			targets = (
				BFD6FD3A26B7D2AC00381CD6 /* Framework */,
			);
		};
/* End PBXProject section */

/* Begin PBXResourcesBuildPhase section */
		BFD6FD3926B7D2AC00381CD6 /* Resources */ = {
			isa = PBXResourcesBuildPhase;
			buildActionMask = 2147483647;
			files = (
			);
			runOnlyForDeploymentPostprocessing = 0;
		};
/* End PBXResourcesBuildPhase section */

/* Begin PBXShellScriptBuildPhase section */
		23CD42F014A746D6FB7D1760 /* [CP] Check Pods Manifest.lock */ = {
			isa = PBXShellScriptBuildPhase;
			buildActionMask = 2147483647;
			files = (
			);
			inputFileListPaths = (
			);
			inputPaths = (
				"${PODS_PODFILE_DIR_PATH}/Podfile.lock",
				"${PODS_ROOT}/Manifest.lock",
			);
			name = "[CP] Check Pods Manifest.lock";
			outputFileListPaths = (
			);
			outputPaths = (
				"$(DERIVED_FILE_DIR)/Pods-Framework-checkManifestLockResult.txt",
			);
			runOnlyForDeploymentPostprocessing = 0;
			shellPath = /bin/sh;
			shellScript = "diff \"${PODS_PODFILE_DIR_PATH}/Podfile.lock\" \"${PODS_ROOT}/Manifest.lock\" > /dev/null\nif [ $? != 0 ] ; then\n    # print error to STDERR\n    echo \"error: The sandbox is not in sync with the Podfile.lock. Run 'pod install' or update your CocoaPods installation.\" >&2\n    exit 1\nfi\n# This output is used by Xcode 'outputs' to avoid re-running this script phase.\necho \"SUCCESS\" > \"${SCRIPT_OUTPUT_FILE_0}\"\n";
			showEnvVarsInLog = 0;
		};
/* End PBXShellScriptBuildPhase section */

/* Begin PBXSourcesBuildPhase section */
		BFD6FD3726B7D2AC00381CD6 /* Sources */ = {
			isa = PBXSourcesBuildPhase;
			buildActionMask = 2147483647;
			files = (
				BFD6FD4926B7D4BA00381CD6 /* SDKInfo.m in Sources */,
			);
			runOnlyForDeploymentPostprocessing = 0;
		};
/* End PBXSourcesBuildPhase section */

/* Begin XCBuildConfiguration section */
		BFD6FD4126B7D2AC00381CD6 /* Debug */ = {
			isa = XCBuildConfiguration;
			buildSettings = {
				ALWAYS_SEARCH_USER_PATHS = NO;
				CLANG_ANALYZER_NONNULL = YES;
				CLANG_ANALYZER_NUMBER_OBJECT_CONVERSION = YES_AGGRESSIVE;
				CLANG_CXX_LANGUAGE_STANDARD = "gnu++14";
				CLANG_CXX_LIBRARY = "libc++";
				CLANG_ENABLE_MODULES = YES;
				CLANG_ENABLE_OBJC_ARC = YES;
				CLANG_ENABLE_OBJC_WEAK = YES;
				CLANG_WARN_BLOCK_CAPTURE_AUTORELEASING = YES;
				CLANG_WARN_BOOL_CONVERSION = YES;
				CLANG_WARN_COMMA = YES;
				CLANG_WARN_CONSTANT_CONVERSION = YES;
				CLANG_WARN_DEPRECATED_OBJC_IMPLEMENTATIONS = YES;
				CLANG_WARN_DIRECT_OBJC_ISA_USAGE = YES_ERROR;
				CLANG_WARN_DOCUMENTATION_COMMENTS = YES;
				CLANG_WARN_EMPTY_BODY = YES;
				CLANG_WARN_ENUM_CONVERSION = YES;
				CLANG_WARN_INFINITE_RECURSION = YES;
				CLANG_WARN_INT_CONVERSION = YES;
				CLANG_WARN_NON_LITERAL_NULL_CONVERSION = YES;
				CLANG_WARN_OBJC_IMPLICIT_RETAIN_SELF = YES;
				CLANG_WARN_OBJC_LITERAL_CONVERSION = YES;
				CLANG_WARN_OBJC_ROOT_CLASS = YES_ERROR;
				CLANG_WARN_QUOTED_INCLUDE_IN_FRAMEWORK_HEADER = YES;
				CLANG_WARN_RANGE_LOOP_ANALYSIS = YES;
				CLANG_WARN_STRICT_PROTOTYPES = YES;
				CLANG_WARN_SUSPICIOUS_MOVE = YES;
				CLANG_WARN_UNGUARDED_AVAILABILITY = YES_AGGRESSIVE;
				CLANG_WARN_UNREACHABLE_CODE = YES;
				CLANG_WARN__DUPLICATE_METHOD_MATCH = YES;
				COPY_PHASE_STRIP = NO;
				CURRENT_PROJECT_VERSION = 1;
				DEBUG_INFORMATION_FORMAT = dwarf;
				ENABLE_STRICT_OBJC_MSGSEND = YES;
				ENABLE_TESTABILITY = YES;
				GCC_C_LANGUAGE_STANDARD = gnu11;
				GCC_DYNAMIC_NO_PIC = NO;
				GCC_NO_COMMON_BLOCKS = YES;
				GCC_OPTIMIZATION_LEVEL = 0;
				GCC_PREPROCESSOR_DEFINITIONS = (
					"DEBUG=1",
					"$(inherited)",
				);
				GCC_WARN_64_TO_32_BIT_CONVERSION = YES;
				GCC_WARN_ABOUT_RETURN_TYPE = YES_ERROR;
				GCC_WARN_UNDECLARED_SELECTOR = YES;
				GCC_WARN_UNINITIALIZED_AUTOS = YES_AGGRESSIVE;
				GCC_WARN_UNUSED_FUNCTION = YES;
				GCC_WARN_UNUSED_VARIABLE = YES;
				IPHONEOS_DEPLOYMENT_TARGET = 14.5;
				MTL_ENABLE_DEBUG_INFO = INCLUDE_SOURCE;
				MTL_FAST_MATH = YES;
				ONLY_ACTIVE_ARCH = YES;
				SDKROOT = iphoneos;
				VERSIONING_SYSTEM = "apple-generic";
				VERSION_INFO_PREFIX = "";
			};
			name = Debug;
		};
		BFD6FD4226B7D2AC00381CD6 /* Release */ = {
			isa = XCBuildConfiguration;
			buildSettings = {
				ALWAYS_SEARCH_USER_PATHS = NO;
				CLANG_ANALYZER_NONNULL = YES;
				CLANG_ANALYZER_NUMBER_OBJECT_CONVERSION = YES_AGGRESSIVE;
				CLANG_CXX_LANGUAGE_STANDARD = "gnu++14";
				CLANG_CXX_LIBRARY = "libc++";
				CLANG_ENABLE_MODULES = YES;
				CLANG_ENABLE_OBJC_ARC = YES;
				CLANG_ENABLE_OBJC_WEAK = YES;
				CLANG_WARN_BLOCK_CAPTURE_AUTORELEASING = YES;
				CLANG_WARN_BOOL_CONVERSION = YES;
				CLANG_WARN_COMMA = YES;
				CLANG_WARN_CONSTANT_CONVERSION = YES;
				CLANG_WARN_DEPRECATED_OBJC_IMPLEMENTATIONS = YES;
				CLANG_WARN_DIRECT_OBJC_ISA_USAGE = YES_ERROR;
				CLANG_WARN_DOCUMENTATION_COMMENTS = YES;
				CLANG_WARN_EMPTY_BODY = YES;
				CLANG_WARN_ENUM_CONVERSION = YES;
				CLANG_WARN_INFINITE_RECURSION = YES;
				CLANG_WARN_INT_CONVERSION = YES;
				CLANG_WARN_NON_LITERAL_NULL_CONVERSION = YES;
				CLANG_WARN_OBJC_IMPLICIT_RETAIN_SELF = YES;
				CLANG_WARN_OBJC_LITERAL_CONVERSION = YES;
				CLANG_WARN_OBJC_ROOT_CLASS = YES_ERROR;
				CLANG_WARN_QUOTED_INCLUDE_IN_FRAMEWORK_HEADER = YES;
				CLANG_WARN_RANGE_LOOP_ANALYSIS = YES;
				CLANG_WARN_STRICT_PROTOTYPES = YES;
				CLANG_WARN_SUSPICIOUS_MOVE = YES;
				CLANG_WARN_UNGUARDED_AVAILABILITY = YES_AGGRESSIVE;
				CLANG_WARN_UNREACHABLE_CODE = YES;
				CLANG_WARN__DUPLICATE_METHOD_MATCH = YES;
				COPY_PHASE_STRIP = NO;
				CURRENT_PROJECT_VERSION = 1;
				DEBUG_INFORMATION_FORMAT = "dwarf-with-dsym";
				ENABLE_NS_ASSERTIONS = NO;
				ENABLE_STRICT_OBJC_MSGSEND = YES;
				GCC_C_LANGUAGE_STANDARD = gnu11;
				GCC_NO_COMMON_BLOCKS = YES;
				GCC_WARN_64_TO_32_BIT_CONVERSION = YES;
				GCC_WARN_ABOUT_RETURN_TYPE = YES_ERROR;
				GCC_WARN_UNDECLARED_SELECTOR = YES;
				GCC_WARN_UNINITIALIZED_AUTOS = YES_AGGRESSIVE;
				GCC_WARN_UNUSED_FUNCTION = YES;
				GCC_WARN_UNUSED_VARIABLE = YES;
				IPHONEOS_DEPLOYMENT_TARGET = 14.5;
				MTL_ENABLE_DEBUG_INFO = NO;
				MTL_FAST_MATH = YES;
				SDKROOT = iphoneos;
				VALIDATE_PRODUCT = YES;
				VERSIONING_SYSTEM = "apple-generic";
				VERSION_INFO_PREFIX = "";
			};
			name = Release;
		};
		BFD6FD4426B7D2AC00381CD6 /* Debug */ = {
			isa = XCBuildConfiguration;
			baseConfigurationReference = B15A062BF67E71147F10FC2C /* Pods-Framework.debug.xcconfig */;
			buildSettings = {
				CODE_SIGN_STYLE = Automatic;
				DEAD_CODE_STRIPPING = NO;
				DEFINES_MODULE = YES;
				DEVELOPMENT_TEAM = 6X5A4PXGHS;
				DYLIB_COMPATIBILITY_VERSION = 1;
				DYLIB_CURRENT_VERSION = 1;
				DYLIB_INSTALL_NAME_BASE = "@rpath";
				INFOPLIST_FILE = Framework/Info.plist;
				INSTALL_PATH = "$(LOCAL_LIBRARY_DIR)/Frameworks";
				LD_RUNPATH_SEARCH_PATHS = (
					"$(inherited)",
					"@executable_path/Frameworks",
					"@loader_path/Frameworks",
				);
				LINK_WITH_STANDARD_LIBRARIES = NO;
				MACH_O_TYPE = staticlib;
				PRODUCT_BUNDLE_IDENTIFIER = com.zzb.jnzrj.Framework;
				PRODUCT_NAME = "$(TARGET_NAME:c99extidentifier)";
				SKIP_INSTALL = YES;
				TARGETED_DEVICE_FAMILY = "1,2";
			};
			name = Debug;
		};
		BFD6FD4526B7D2AC00381CD6 /* Release */ = {
			isa = XCBuildConfiguration;
			baseConfigurationReference = 0A439DC81A62576A95CB715C /* Pods-Framework.release.xcconfig */;
			buildSettings = {
				CODE_SIGN_STYLE = Automatic;
				DEAD_CODE_STRIPPING = NO;
				DEFINES_MODULE = YES;
				DEVELOPMENT_TEAM = 6X5A4PXGHS;
				DYLIB_COMPATIBILITY_VERSION = 1;
				DYLIB_CURRENT_VERSION = 1;
				DYLIB_INSTALL_NAME_BASE = "@rpath";
				INFOPLIST_FILE = Framework/Info.plist;
				INSTALL_PATH = "$(LOCAL_LIBRARY_DIR)/Frameworks";
				LD_RUNPATH_SEARCH_PATHS = (
					"$(inherited)",
					"@executable_path/Frameworks",
					"@loader_path/Frameworks",
				);
				LINK_WITH_STANDARD_LIBRARIES = NO;
				MACH_O_TYPE = staticlib;
				PRODUCT_BUNDLE_IDENTIFIER = com.zzb.jnzrj.Framework;
				PRODUCT_NAME = "$(TARGET_NAME:c99extidentifier)";
				SKIP_INSTALL = YES;
				TARGETED_DEVICE_FAMILY = "1,2";
			};
			name = Release;
		};
/* End XCBuildConfiguration section */

/* Begin XCConfigurationList section */
		BFD6FD3526B7D2AC00381CD6 /* Build configuration list for PBXProject "Framework" */ = {
			isa = XCConfigurationList;
			buildConfigurations = (
				BFD6FD4126B7D2AC00381CD6 /* Debug */,
				BFD6FD4226B7D2AC00381CD6 /* Release */,
			);
			defaultConfigurationIsVisible = 0;
			defaultConfigurationName = Release;
		};
		BFD6FD4326B7D2AC00381CD6 /* Build configuration list for PBXNativeTarget "Framework" */ = {
			isa = XCConfigurationList;
			buildConfigurations = (
				BFD6FD4426B7D2AC00381CD6 /* Debug */,
				BFD6FD4526B7D2AC00381CD6 /* Release */,
			);
			defaultConfigurationIsVisible = 0;
			defaultConfigurationName = Release;
		};
/* End XCConfigurationList section */
	};
	rootObject = BFD6FD3226B7D2AC00381CD6 /* Project object */;
}
